
Microsoft Visual Studio Solution File, Format Version 12.00
# Visual Studio Version 16
VisualStudioVersion = 16.0.32602.291
MinimumVisualStudioVersion = 10.0.40219.1
Project("{FAE04EC0-301F-11D3-BF4B-00C04F79EFBC}") = "7_HomeWork", "7_HomeWork\7_HomeWork.csproj", "{AFAC4260-9F26-49B1-8F44-429BEE5D1E8F}"
EndProject
Global
	GlobalSection(SolutionConfigurationPlatforms) = preSolution
		Debug|Any CPU = Debug|Any CPU
		Release|Any CPU = Release|Any CPU
	EndGlobalSection
	GlobalSection(ProjectConfigurationPlatforms) = postSolution
		{AFAC4260-9F26-49B1-8F44-429BEE5D1E8F}.Debug|Any CPU.ActiveCfg = Debug|Any CPU
		{AFAC4260-9F26-49B1-8F44-429BEE5D1E8F}.Debug|Any CPU.Build.0 = Debug|Any CPU
		{AFAC4260-9F26-49B1-8F44-429BEE5D1E8F}.Release|Any CPU.ActiveCfg = Release|Any CPU
		{AFAC4260-9F26-49B1-8F44-429BEE5D1E8F}.Release|Any CPU.Build.0 = Release|Any CPU
	EndGlobalSection
	GlobalSection(SolutionProperties) = preSolution
		HideSolutionNode = FALSE
	EndGlobalSection
	GlobalSection(ExtensibilityGlobals) = postSolution
		SolutionGuid = {3C4B2E43-5834-474B-B3D6-3EA686DF1765}
	EndGlobalSection
EndGlobal
